
Microsoft Visual Studio Solution File, Format Version 12.00
# Visual Studio Version 17
VisualStudioVersion = 17.10.35122.118
MinimumVisualStudioVersion = 10.0.40219.1
Project("{FAE04EC0-301F-11D3-BF4B-00C04F79EFBC}") = "Turn Base Combat Game", "Turn Base Combat Game\Turn Base Combat Game.csproj", "{56C8D461-DC8F-4905-AA24-007007854A9C}"
EndProject
Global
	GlobalSection(SolutionConfigurationPlatforms) = preSolution
		Debug|Any CPU = Debug|Any CPU
		Release|Any CPU = Release|Any CPU
	EndGlobalSection
	GlobalSection(ProjectConfigurationPlatforms) = postSolution
		{56C8D461-DC8F-4905-AA24-007007854A9C}.Debug|Any CPU.ActiveCfg = Debug|Any CPU
		{56C8D461-DC8F-4905-AA24-007007854A9C}.Debug|Any CPU.Build.0 = Debug|Any CPU
		{56C8D461-DC8F-4905-AA24-007007854A9C}.Release|Any CPU.ActiveCfg = Release|Any CPU
		{56C8D461-DC8F-4905-AA24-007007854A9C}.Release|Any CPU.Build.0 = Release|Any CPU
	EndGlobalSection
	GlobalSection(SolutionProperties) = preSolution
		HideSolutionNode = FALSE
	EndGlobalSection
	GlobalSection(ExtensibilityGlobals) = postSolution
		SolutionGuid = {EE42C60B-54CD-406A-8D83-94AC83CA9E98}
	EndGlobalSection
EndGlobal
